
Microsoft Visual Studio Solution File, Format Version 12.00
# Visual Studio Version 16
VisualStudioVersion = 16.0.32126.315
MinimumVisualStudioVersion = 10.0.40219.1
Project("{FAE04EC0-301F-11D3-BF4B-00C04F79EFBC}") = "CiftToplam", "CiftToplam\CiftToplam.csproj", "{F65991B9-FB78-46BD-9BF1-D1D2690A1803}"
EndProject
Global
	GlobalSection(SolutionConfigurationPlatforms) = preSolution
		Debug|Any CPU = Debug|Any CPU
		Release|Any CPU = Release|Any CPU
	EndGlobalSection
	GlobalSection(ProjectConfigurationPlatforms) = postSolution
		{F65991B9-FB78-46BD-9BF1-D1D2690A1803}.Debug|Any CPU.ActiveCfg = Debug|Any CPU
		{F65991B9-FB78-46BD-9BF1-D1D2690A1803}.Debug|Any CPU.Build.0 = Debug|Any CPU
		{F65991B9-FB78-46BD-9BF1-D1D2690A1803}.Release|Any CPU.ActiveCfg = Release|Any CPU
		{F65991B9-FB78-46BD-9BF1-D1D2690A1803}.Release|Any CPU.Build.0 = Release|Any CPU
	EndGlobalSection
	GlobalSection(SolutionProperties) = preSolution
		HideSolutionNode = FALSE
	EndGlobalSection
	GlobalSection(ExtensibilityGlobals) = postSolution
		SolutionGuid = {7A92B97E-7729-4FA6-9DF0-C3D7EE5EA487}
	EndGlobalSection
EndGlobal
